
Microsoft Visual Studio Solution File, Format Version 12.00
# Visual Studio Version 16
VisualStudioVersion = 16.0.29911.84
MinimumVisualStudioVersion = 10.0.40219.1
Project("{FAE04EC0-301F-11D3-BF4B-00C04F79EFBC}") = "Ex18", "Ex18\Ex18.csproj", "{E39FB984-1AC8-4A1E-968B-01F03708D54E}"
EndProject
Global
	GlobalSection(SolutionConfigurationPlatforms) = preSolution
		Debug|Any CPU = Debug|Any CPU
		Release|Any CPU = Release|Any CPU
	EndGlobalSection
	GlobalSection(ProjectConfigurationPlatforms) = postSolution
		{E39FB984-1AC8-4A1E-968B-01F03708D54E}.Debug|Any CPU.ActiveCfg = Debug|Any CPU
		{E39FB984-1AC8-4A1E-968B-01F03708D54E}.Debug|Any CPU.Build.0 = Debug|Any CPU
		{E39FB984-1AC8-4A1E-968B-01F03708D54E}.Release|Any CPU.ActiveCfg = Release|Any CPU
		{E39FB984-1AC8-4A1E-968B-01F03708D54E}.Release|Any CPU.Build.0 = Release|Any CPU
	EndGlobalSection
	GlobalSection(SolutionProperties) = preSolution
		HideSolutionNode = FALSE
	EndGlobalSection
	GlobalSection(ExtensibilityGlobals) = postSolution
		SolutionGuid = {A14AD44B-6B92-4E44-8BF5-43E07418249A}
	EndGlobalSection
EndGlobal
