
Microsoft Visual Studio Solution File, Format Version 12.00
# Visual Studio Version 16
VisualStudioVersion = 16.0.29911.84
MinimumVisualStudioVersion = 10.0.40219.1
Project("{FAE04EC0-301F-11D3-BF4B-00C04F79EFBC}") = "Ex24 enumeracoes e composicoes", "Ex24 enumeracoes e composicoes\Ex24 enumeracoes e composicoes.csproj", "{48D3F49C-5394-4D73-800C-12DEFF843774}"
EndProject
Global
	GlobalSection(SolutionConfigurationPlatforms) = preSolution
		Debug|Any CPU = Debug|Any CPU
		Release|Any CPU = Release|Any CPU
	EndGlobalSection
	GlobalSection(ProjectConfigurationPlatforms) = postSolution
		{48D3F49C-5394-4D73-800C-12DEFF843774}.Debug|Any CPU.ActiveCfg = Debug|Any CPU
		{48D3F49C-5394-4D73-800C-12DEFF843774}.Debug|Any CPU.Build.0 = Debug|Any CPU
		{48D3F49C-5394-4D73-800C-12DEFF843774}.Release|Any CPU.ActiveCfg = Release|Any CPU
		{48D3F49C-5394-4D73-800C-12DEFF843774}.Release|Any CPU.Build.0 = Release|Any CPU
	EndGlobalSection
	GlobalSection(SolutionProperties) = preSolution
		HideSolutionNode = FALSE
	EndGlobalSection
	GlobalSection(ExtensibilityGlobals) = postSolution
		SolutionGuid = {9ADCB6F5-CCF6-4478-9BC9-151F26509E30}
	EndGlobalSection
EndGlobal
