
Microsoft Visual Studio Solution File, Format Version 12.00
# Visual Studio Version 16
VisualStudioVersion = 16.0.29911.84
MinimumVisualStudioVersion = 10.0.40219.1
Project("{FAE04EC0-301F-11D3-BF4B-00C04F79EFBC}") = "Ex53", "Ex53.csproj", "{90B7A650-66F5-4919-9BD2-392A5FCC7926}"
EndProject
Global
	GlobalSection(SolutionConfigurationPlatforms) = preSolution
		Debug|Any CPU = Debug|Any CPU
		Release|Any CPU = Release|Any CPU
	EndGlobalSection
	GlobalSection(ProjectConfigurationPlatforms) = postSolution
		{90B7A650-66F5-4919-9BD2-392A5FCC7926}.Debug|Any CPU.ActiveCfg = Debug|Any CPU
		{90B7A650-66F5-4919-9BD2-392A5FCC7926}.Debug|Any CPU.Build.0 = Debug|Any CPU
		{90B7A650-66F5-4919-9BD2-392A5FCC7926}.Release|Any CPU.ActiveCfg = Release|Any CPU
		{90B7A650-66F5-4919-9BD2-392A5FCC7926}.Release|Any CPU.Build.0 = Release|Any CPU
	EndGlobalSection
	GlobalSection(SolutionProperties) = preSolution
		HideSolutionNode = FALSE
	EndGlobalSection
	GlobalSection(ExtensibilityGlobals) = postSolution
		SolutionGuid = {5C8AA583-9D98-49E6-A13B-6F2694F7D2D6}
	EndGlobalSection
EndGlobal
