
Microsoft Visual Studio Solution File, Format Version 12.00
# Visual Studio Version 16
VisualStudioVersion = 16.0.29911.84
MinimumVisualStudioVersion = 10.0.40219.1
Project("{FAE04EC0-301F-11D3-BF4B-00C04F79EFBC}") = "Ex65", "Ex65.csproj", "{7DCFD7A9-6E26-4206-A745-AD7D8155C088}"
EndProject
Global
	GlobalSection(SolutionConfigurationPlatforms) = preSolution
		Debug|Any CPU = Debug|Any CPU
		Release|Any CPU = Release|Any CPU
	EndGlobalSection
	GlobalSection(ProjectConfigurationPlatforms) = postSolution
		{7DCFD7A9-6E26-4206-A745-AD7D8155C088}.Debug|Any CPU.ActiveCfg = Debug|Any CPU
		{7DCFD7A9-6E26-4206-A745-AD7D8155C088}.Debug|Any CPU.Build.0 = Debug|Any CPU
		{7DCFD7A9-6E26-4206-A745-AD7D8155C088}.Release|Any CPU.ActiveCfg = Release|Any CPU
		{7DCFD7A9-6E26-4206-A745-AD7D8155C088}.Release|Any CPU.Build.0 = Release|Any CPU
	EndGlobalSection
	GlobalSection(SolutionProperties) = preSolution
		HideSolutionNode = FALSE
	EndGlobalSection
	GlobalSection(ExtensibilityGlobals) = postSolution
		SolutionGuid = {7735D0A1-4AE5-4435-8FC9-F85CCACAFC36}
	EndGlobalSection
EndGlobal
