
Microsoft Visual Studio Solution File, Format Version 12.00
# Visual Studio Version 16
VisualStudioVersion = 16.0.29911.84
MinimumVisualStudioVersion = 10.0.40219.1
Project("{FAE04EC0-301F-11D3-BF4B-00C04F79EFBC}") = "Desafio11_Nivel_Medio", "Desafio11_Nivel_Medio\Desafio11_Nivel_Medio.csproj", "{388AFCE4-461E-4039-AF74-87EC27055758}"
EndProject
Global
	GlobalSection(SolutionConfigurationPlatforms) = preSolution
		Debug|Any CPU = Debug|Any CPU
		Release|Any CPU = Release|Any CPU
	EndGlobalSection
	GlobalSection(ProjectConfigurationPlatforms) = postSolution
		{388AFCE4-461E-4039-AF74-87EC27055758}.Debug|Any CPU.ActiveCfg = Debug|Any CPU
		{388AFCE4-461E-4039-AF74-87EC27055758}.Debug|Any CPU.Build.0 = Debug|Any CPU
		{388AFCE4-461E-4039-AF74-87EC27055758}.Release|Any CPU.ActiveCfg = Release|Any CPU
		{388AFCE4-461E-4039-AF74-87EC27055758}.Release|Any CPU.Build.0 = Release|Any CPU
	EndGlobalSection
	GlobalSection(SolutionProperties) = preSolution
		HideSolutionNode = FALSE
	EndGlobalSection
	GlobalSection(ExtensibilityGlobals) = postSolution
		SolutionGuid = {C807DDD3-0046-4570-8603-20A3073C9DC9}
	EndGlobalSection
EndGlobal
