
Microsoft Visual Studio Solution File, Format Version 12.00
# Visual Studio Version 16
VisualStudioVersion = 16.0.29911.84
MinimumVisualStudioVersion = 10.0.40219.1
Project("{FAE04EC0-301F-11D3-BF4B-00C04F79EFBC}") = "Segundo", "Segundo\Segundo.csproj", "{72B457AB-8D29-4BA1-9947-EFA978DC49D4}"
EndProject
Global
	GlobalSection(SolutionConfigurationPlatforms) = preSolution
		Debug|Any CPU = Debug|Any CPU
		Release|Any CPU = Release|Any CPU
	EndGlobalSection
	GlobalSection(ProjectConfigurationPlatforms) = postSolution
		{72B457AB-8D29-4BA1-9947-EFA978DC49D4}.Debug|Any CPU.ActiveCfg = Debug|Any CPU
		{72B457AB-8D29-4BA1-9947-EFA978DC49D4}.Debug|Any CPU.Build.0 = Debug|Any CPU
		{72B457AB-8D29-4BA1-9947-EFA978DC49D4}.Release|Any CPU.ActiveCfg = Release|Any CPU
		{72B457AB-8D29-4BA1-9947-EFA978DC49D4}.Release|Any CPU.Build.0 = Release|Any CPU
	EndGlobalSection
	GlobalSection(SolutionProperties) = preSolution
		HideSolutionNode = FALSE
	EndGlobalSection
	GlobalSection(ExtensibilityGlobals) = postSolution
		SolutionGuid = {928266E7-EADF-4422-97EE-C694DD3358CA}
	EndGlobalSection
EndGlobal
