
Microsoft Visual Studio Solution File, Format Version 12.00
# Visual Studio Version 16
VisualStudioVersion = 16.0.29911.84
MinimumVisualStudioVersion = 10.0.40219.1
Project("{FAE04EC0-301F-11D3-BF4B-00C04F79EFBC}") = "Desafio8_Nivel_Medio", "Desafio8_Nivel_Medio\Desafio8_Nivel_Medio.csproj", "{0BE0E138-39EE-462D-83AD-B61AF88EBA7C}"
EndProject
Global
	GlobalSection(SolutionConfigurationPlatforms) = preSolution
		Debug|Any CPU = Debug|Any CPU
		Release|Any CPU = Release|Any CPU
	EndGlobalSection
	GlobalSection(ProjectConfigurationPlatforms) = postSolution
		{0BE0E138-39EE-462D-83AD-B61AF88EBA7C}.Debug|Any CPU.ActiveCfg = Debug|Any CPU
		{0BE0E138-39EE-462D-83AD-B61AF88EBA7C}.Debug|Any CPU.Build.0 = Debug|Any CPU
		{0BE0E138-39EE-462D-83AD-B61AF88EBA7C}.Release|Any CPU.ActiveCfg = Release|Any CPU
		{0BE0E138-39EE-462D-83AD-B61AF88EBA7C}.Release|Any CPU.Build.0 = Release|Any CPU
	EndGlobalSection
	GlobalSection(SolutionProperties) = preSolution
		HideSolutionNode = FALSE
	EndGlobalSection
	GlobalSection(ExtensibilityGlobals) = postSolution
		SolutionGuid = {97A738AD-496B-49A1-BFC1-AB61B1AA5C7D}
	EndGlobalSection
EndGlobal
