
Microsoft Visual Studio Solution File, Format Version 12.00
# Visual Studio Version 16
VisualStudioVersion = 16.0.29911.84
MinimumVisualStudioVersion = 10.0.40219.1
Project("{FAE04EC0-301F-11D3-BF4B-00C04F79EFBC}") = "Ex60", "Ex60.csproj", "{D62C735D-AF77-486E-8B99-E75FF2BA048B}"
EndProject
Global
	GlobalSection(SolutionConfigurationPlatforms) = preSolution
		Debug|Any CPU = Debug|Any CPU
		Release|Any CPU = Release|Any CPU
	EndGlobalSection
	GlobalSection(ProjectConfigurationPlatforms) = postSolution
		{D62C735D-AF77-486E-8B99-E75FF2BA048B}.Debug|Any CPU.ActiveCfg = Debug|Any CPU
		{D62C735D-AF77-486E-8B99-E75FF2BA048B}.Debug|Any CPU.Build.0 = Debug|Any CPU
		{D62C735D-AF77-486E-8B99-E75FF2BA048B}.Release|Any CPU.ActiveCfg = Release|Any CPU
		{D62C735D-AF77-486E-8B99-E75FF2BA048B}.Release|Any CPU.Build.0 = Release|Any CPU
	EndGlobalSection
	GlobalSection(SolutionProperties) = preSolution
		HideSolutionNode = FALSE
	EndGlobalSection
	GlobalSection(ExtensibilityGlobals) = postSolution
		SolutionGuid = {32316034-9178-4A67-957D-5342DCCC518A}
	EndGlobalSection
EndGlobal
