
Microsoft Visual Studio Solution File, Format Version 12.00
# Visual Studio Version 16
VisualStudioVersion = 16.0.29911.84
MinimumVisualStudioVersion = 10.0.40219.1
Project("{FAE04EC0-301F-11D3-BF4B-00C04F79EFBC}") = "Ex8_Orientado_a_Objetos", "Ex8_Orientado_a_Objetos\Ex8_Orientado_a_Objetos.csproj", "{49C854B5-FAF5-4781-AE13-F8EF9FCAA038}"
EndProject
Global
	GlobalSection(SolutionConfigurationPlatforms) = preSolution
		Debug|Any CPU = Debug|Any CPU
		Release|Any CPU = Release|Any CPU
	EndGlobalSection
	GlobalSection(ProjectConfigurationPlatforms) = postSolution
		{49C854B5-FAF5-4781-AE13-F8EF9FCAA038}.Debug|Any CPU.ActiveCfg = Debug|Any CPU
		{49C854B5-FAF5-4781-AE13-F8EF9FCAA038}.Debug|Any CPU.Build.0 = Debug|Any CPU
		{49C854B5-FAF5-4781-AE13-F8EF9FCAA038}.Release|Any CPU.ActiveCfg = Release|Any CPU
		{49C854B5-FAF5-4781-AE13-F8EF9FCAA038}.Release|Any CPU.Build.0 = Release|Any CPU
	EndGlobalSection
	GlobalSection(SolutionProperties) = preSolution
		HideSolutionNode = FALSE
	EndGlobalSection
	GlobalSection(ExtensibilityGlobals) = postSolution
		SolutionGuid = {AD78D639-4325-490A-B3C9-21B2D5D79314}
	EndGlobalSection
EndGlobal
