
Microsoft Visual Studio Solution File, Format Version 12.00
# Visual Studio Version 16
VisualStudioVersion = 16.0.29911.84
MinimumVisualStudioVersion = 10.0.40219.1
Project("{FAE04EC0-301F-11D3-BF4B-00C04F79EFBC}") = "Ex8", "Ex8\Ex8.csproj", "{15D29F24-E607-4008-A246-F2CD8246E437}"
EndProject
Global
	GlobalSection(SolutionConfigurationPlatforms) = preSolution
		Debug|Any CPU = Debug|Any CPU
		Release|Any CPU = Release|Any CPU
	EndGlobalSection
	GlobalSection(ProjectConfigurationPlatforms) = postSolution
		{15D29F24-E607-4008-A246-F2CD8246E437}.Debug|Any CPU.ActiveCfg = Debug|Any CPU
		{15D29F24-E607-4008-A246-F2CD8246E437}.Debug|Any CPU.Build.0 = Debug|Any CPU
		{15D29F24-E607-4008-A246-F2CD8246E437}.Release|Any CPU.ActiveCfg = Release|Any CPU
		{15D29F24-E607-4008-A246-F2CD8246E437}.Release|Any CPU.Build.0 = Release|Any CPU
	EndGlobalSection
	GlobalSection(SolutionProperties) = preSolution
		HideSolutionNode = FALSE
	EndGlobalSection
	GlobalSection(ExtensibilityGlobals) = postSolution
		SolutionGuid = {0FB2DF35-1940-4064-BDB4-7D27D5C23A88}
	EndGlobalSection
EndGlobal
