
Microsoft Visual Studio Solution File, Format Version 12.00
# Visual Studio Version 16
VisualStudioVersion = 16.0.29911.84
MinimumVisualStudioVersion = 10.0.40219.1
Project("{FAE04EC0-301F-11D3-BF4B-00C04F79EFBC}") = "Ex27 Upcasting e downcasting", "Ex27 Upcasting e downcasting\Ex27 Upcasting e downcasting.csproj", "{91DBA218-A391-470C-8DA0-17AD530CF567}"
EndProject
Global
	GlobalSection(SolutionConfigurationPlatforms) = preSolution
		Debug|Any CPU = Debug|Any CPU
		Release|Any CPU = Release|Any CPU
	EndGlobalSection
	GlobalSection(ProjectConfigurationPlatforms) = postSolution
		{91DBA218-A391-470C-8DA0-17AD530CF567}.Debug|Any CPU.ActiveCfg = Debug|Any CPU
		{91DBA218-A391-470C-8DA0-17AD530CF567}.Debug|Any CPU.Build.0 = Debug|Any CPU
		{91DBA218-A391-470C-8DA0-17AD530CF567}.Release|Any CPU.ActiveCfg = Release|Any CPU
		{91DBA218-A391-470C-8DA0-17AD530CF567}.Release|Any CPU.Build.0 = Release|Any CPU
	EndGlobalSection
	GlobalSection(SolutionProperties) = preSolution
		HideSolutionNode = FALSE
	EndGlobalSection
	GlobalSection(ExtensibilityGlobals) = postSolution
		SolutionGuid = {0D919995-BD81-4A07-867F-FAC08D55577F}
	EndGlobalSection
EndGlobal
