
Microsoft Visual Studio Solution File, Format Version 12.00
# Visual Studio Version 16
VisualStudioVersion = 16.0.29911.84
MinimumVisualStudioVersion = 10.0.40219.1
Project("{FAE04EC0-301F-11D3-BF4B-00C04F79EFBC}") = "desafio3", "desafio3\desafio3.csproj", "{7A3A6084-9EC2-499A-ACFE-D1A1E6386596}"
EndProject
Global
	GlobalSection(SolutionConfigurationPlatforms) = preSolution
		Debug|Any CPU = Debug|Any CPU
		Release|Any CPU = Release|Any CPU
	EndGlobalSection
	GlobalSection(ProjectConfigurationPlatforms) = postSolution
		{7A3A6084-9EC2-499A-ACFE-D1A1E6386596}.Debug|Any CPU.ActiveCfg = Debug|Any CPU
		{7A3A6084-9EC2-499A-ACFE-D1A1E6386596}.Debug|Any CPU.Build.0 = Debug|Any CPU
		{7A3A6084-9EC2-499A-ACFE-D1A1E6386596}.Release|Any CPU.ActiveCfg = Release|Any CPU
		{7A3A6084-9EC2-499A-ACFE-D1A1E6386596}.Release|Any CPU.Build.0 = Release|Any CPU
	EndGlobalSection
	GlobalSection(SolutionProperties) = preSolution
		HideSolutionNode = FALSE
	EndGlobalSection
	GlobalSection(ExtensibilityGlobals) = postSolution
		SolutionGuid = {CC7B81AD-2893-4556-B6D7-EF3235D1E52D}
	EndGlobalSection
EndGlobal
