
Microsoft Visual Studio Solution File, Format Version 12.00
# Visual Studio Version 16
VisualStudioVersion = 16.0.29911.84
MinimumVisualStudioVersion = 10.0.40219.1
Project("{FAE04EC0-301F-11D3-BF4B-00C04F79EFBC}") = "Extrato", "Extrato.csproj", "{F3E80317-1038-4CCA-9C25-139DE8B66771}"
EndProject
Global
	GlobalSection(SolutionConfigurationPlatforms) = preSolution
		Debug|Any CPU = Debug|Any CPU
		Release|Any CPU = Release|Any CPU
	EndGlobalSection
	GlobalSection(ProjectConfigurationPlatforms) = postSolution
		{F3E80317-1038-4CCA-9C25-139DE8B66771}.Debug|Any CPU.ActiveCfg = Debug|Any CPU
		{F3E80317-1038-4CCA-9C25-139DE8B66771}.Debug|Any CPU.Build.0 = Debug|Any CPU
		{F3E80317-1038-4CCA-9C25-139DE8B66771}.Release|Any CPU.ActiveCfg = Release|Any CPU
		{F3E80317-1038-4CCA-9C25-139DE8B66771}.Release|Any CPU.Build.0 = Release|Any CPU
	EndGlobalSection
	GlobalSection(SolutionProperties) = preSolution
		HideSolutionNode = FALSE
	EndGlobalSection
	GlobalSection(ExtensibilityGlobals) = postSolution
		SolutionGuid = {8FF238AD-DD6C-4106-B653-AF6630F82395}
	EndGlobalSection
EndGlobal
