
Microsoft Visual Studio Solution File, Format Version 12.00
# Visual Studio Version 16
VisualStudioVersion = 16.0.29911.84
MinimumVisualStudioVersion = 10.0.40219.1
Project("{FAE04EC0-301F-11D3-BF4B-00C04F79EFBC}") = "Ex66", "Ex66.csproj", "{A35D942C-E084-458A-9E35-C0FA083C7D9B}"
EndProject
Global
	GlobalSection(SolutionConfigurationPlatforms) = preSolution
		Debug|Any CPU = Debug|Any CPU
		Release|Any CPU = Release|Any CPU
	EndGlobalSection
	GlobalSection(ProjectConfigurationPlatforms) = postSolution
		{A35D942C-E084-458A-9E35-C0FA083C7D9B}.Debug|Any CPU.ActiveCfg = Debug|Any CPU
		{A35D942C-E084-458A-9E35-C0FA083C7D9B}.Debug|Any CPU.Build.0 = Debug|Any CPU
		{A35D942C-E084-458A-9E35-C0FA083C7D9B}.Release|Any CPU.ActiveCfg = Release|Any CPU
		{A35D942C-E084-458A-9E35-C0FA083C7D9B}.Release|Any CPU.Build.0 = Release|Any CPU
	EndGlobalSection
	GlobalSection(SolutionProperties) = preSolution
		HideSolutionNode = FALSE
	EndGlobalSection
	GlobalSection(ExtensibilityGlobals) = postSolution
		SolutionGuid = {26944120-5366-42AB-B8F6-77AC0F44A638}
	EndGlobalSection
EndGlobal
