
Microsoft Visual Studio Solution File, Format Version 12.00
# Visual Studio Version 16
VisualStudioVersion = 16.0.29911.84
MinimumVisualStudioVersion = 10.0.40219.1
Project("{FAE04EC0-301F-11D3-BF4B-00C04F79EFBC}") = "Wesley", "Wesley\Wesley.csproj", "{28D351A7-ADF0-4C8C-ADB8-0565C3BA3D7B}"
EndProject
Global
	GlobalSection(SolutionConfigurationPlatforms) = preSolution
		Debug|Any CPU = Debug|Any CPU
		Release|Any CPU = Release|Any CPU
	EndGlobalSection
	GlobalSection(ProjectConfigurationPlatforms) = postSolution
		{28D351A7-ADF0-4C8C-ADB8-0565C3BA3D7B}.Debug|Any CPU.ActiveCfg = Debug|Any CPU
		{28D351A7-ADF0-4C8C-ADB8-0565C3BA3D7B}.Debug|Any CPU.Build.0 = Debug|Any CPU
		{28D351A7-ADF0-4C8C-ADB8-0565C3BA3D7B}.Release|Any CPU.ActiveCfg = Release|Any CPU
		{28D351A7-ADF0-4C8C-ADB8-0565C3BA3D7B}.Release|Any CPU.Build.0 = Release|Any CPU
	EndGlobalSection
	GlobalSection(SolutionProperties) = preSolution
		HideSolutionNode = FALSE
	EndGlobalSection
	GlobalSection(ExtensibilityGlobals) = postSolution
		SolutionGuid = {CC46B876-1760-4C79-98AA-1201E2FE5C2D}
	EndGlobalSection
EndGlobal
