
Microsoft Visual Studio Solution File, Format Version 12.00
# Visual Studio Version 16
VisualStudioVersion = 16.0.29911.84
MinimumVisualStudioVersion = 10.0.40219.1
Project("{FAE04EC0-301F-11D3-BF4B-00C04F79EFBC}") = "Ex26 Herança", "Ex26 Herança\Ex26 Herança.csproj", "{67D99A66-1753-438A-98AB-FE3BCA6C5813}"
EndProject
Global
	GlobalSection(SolutionConfigurationPlatforms) = preSolution
		Debug|Any CPU = Debug|Any CPU
		Release|Any CPU = Release|Any CPU
	EndGlobalSection
	GlobalSection(ProjectConfigurationPlatforms) = postSolution
		{67D99A66-1753-438A-98AB-FE3BCA6C5813}.Debug|Any CPU.ActiveCfg = Debug|Any CPU
		{67D99A66-1753-438A-98AB-FE3BCA6C5813}.Debug|Any CPU.Build.0 = Debug|Any CPU
		{67D99A66-1753-438A-98AB-FE3BCA6C5813}.Release|Any CPU.ActiveCfg = Release|Any CPU
		{67D99A66-1753-438A-98AB-FE3BCA6C5813}.Release|Any CPU.Build.0 = Release|Any CPU
	EndGlobalSection
	GlobalSection(SolutionProperties) = preSolution
		HideSolutionNode = FALSE
	EndGlobalSection
	GlobalSection(ExtensibilityGlobals) = postSolution
		SolutionGuid = {BD87EF2F-0757-4640-8A61-D8DC2B6D44BC}
	EndGlobalSection
EndGlobal
