
Microsoft Visual Studio Solution File, Format Version 12.00
# Visual Studio Version 16
VisualStudioVersion = 16.0.29911.84
MinimumVisualStudioVersion = 10.0.40219.1
Project("{FAE04EC0-301F-11D3-BF4B-00C04F79EFBC}") = "Ex58", "Ex58.csproj", "{BE33E7EF-7F03-418F-AA0A-94E08413BC9E}"
EndProject
Global
	GlobalSection(SolutionConfigurationPlatforms) = preSolution
		Debug|Any CPU = Debug|Any CPU
		Release|Any CPU = Release|Any CPU
	EndGlobalSection
	GlobalSection(ProjectConfigurationPlatforms) = postSolution
		{BE33E7EF-7F03-418F-AA0A-94E08413BC9E}.Debug|Any CPU.ActiveCfg = Debug|Any CPU
		{BE33E7EF-7F03-418F-AA0A-94E08413BC9E}.Debug|Any CPU.Build.0 = Debug|Any CPU
		{BE33E7EF-7F03-418F-AA0A-94E08413BC9E}.Release|Any CPU.ActiveCfg = Release|Any CPU
		{BE33E7EF-7F03-418F-AA0A-94E08413BC9E}.Release|Any CPU.Build.0 = Release|Any CPU
	EndGlobalSection
	GlobalSection(SolutionProperties) = preSolution
		HideSolutionNode = FALSE
	EndGlobalSection
	GlobalSection(ExtensibilityGlobals) = postSolution
		SolutionGuid = {4CDEAD12-4690-4C89-B4A1-0B10D9AE62DB}
	EndGlobalSection
EndGlobal
