
Microsoft Visual Studio Solution File, Format Version 12.00
# Visual Studio Version 16
VisualStudioVersion = 16.0.29911.84
MinimumVisualStudioVersion = 10.0.40219.1
Project("{FAE04EC0-301F-11D3-BF4B-00C04F79EFBC}") = "Ex48", "Ex48.csproj", "{415D23D5-3422-49F4-A39E-BF02020AD16C}"
EndProject
Global
	GlobalSection(SolutionConfigurationPlatforms) = preSolution
		Debug|Any CPU = Debug|Any CPU
		Release|Any CPU = Release|Any CPU
	EndGlobalSection
	GlobalSection(ProjectConfigurationPlatforms) = postSolution
		{415D23D5-3422-49F4-A39E-BF02020AD16C}.Debug|Any CPU.ActiveCfg = Debug|Any CPU
		{415D23D5-3422-49F4-A39E-BF02020AD16C}.Debug|Any CPU.Build.0 = Debug|Any CPU
		{415D23D5-3422-49F4-A39E-BF02020AD16C}.Release|Any CPU.ActiveCfg = Release|Any CPU
		{415D23D5-3422-49F4-A39E-BF02020AD16C}.Release|Any CPU.Build.0 = Release|Any CPU
	EndGlobalSection
	GlobalSection(SolutionProperties) = preSolution
		HideSolutionNode = FALSE
	EndGlobalSection
	GlobalSection(ExtensibilityGlobals) = postSolution
		SolutionGuid = {1AE3A5DE-7EB4-4938-8D46-45FCA4570506}
	EndGlobalSection
EndGlobal
