
Microsoft Visual Studio Solution File, Format Version 12.00
# Visual Studio Version 16
VisualStudioVersion = 16.0.29911.84
MinimumVisualStudioVersion = 10.0.40219.1
Project("{FAE04EC0-301F-11D3-BF4B-00C04F79EFBC}") = "Primeiro", "Primeiro\Primeiro.csproj", "{0D909A58-8AA0-4FE2-8FF2-719EA6365954}"
EndProject
Global
	GlobalSection(SolutionConfigurationPlatforms) = preSolution
		Debug|Any CPU = Debug|Any CPU
		Release|Any CPU = Release|Any CPU
	EndGlobalSection
	GlobalSection(ProjectConfigurationPlatforms) = postSolution
		{0D909A58-8AA0-4FE2-8FF2-719EA6365954}.Debug|Any CPU.ActiveCfg = Debug|Any CPU
		{0D909A58-8AA0-4FE2-8FF2-719EA6365954}.Debug|Any CPU.Build.0 = Debug|Any CPU
		{0D909A58-8AA0-4FE2-8FF2-719EA6365954}.Release|Any CPU.ActiveCfg = Release|Any CPU
		{0D909A58-8AA0-4FE2-8FF2-719EA6365954}.Release|Any CPU.Build.0 = Release|Any CPU
	EndGlobalSection
	GlobalSection(SolutionProperties) = preSolution
		HideSolutionNode = FALSE
	EndGlobalSection
	GlobalSection(ExtensibilityGlobals) = postSolution
		SolutionGuid = {CD29F0F9-8CF9-47C1-B032-E10C0C1BF77E}
	EndGlobalSection
EndGlobal
