
Microsoft Visual Studio Solution File, Format Version 12.00
# Visual Studio Version 16
VisualStudioVersion = 16.0.29911.84
MinimumVisualStudioVersion = 10.0.40219.1
Project("{9A19103F-16F7-4668-BE54-9A1E7A4F7556}") = "Ex31", "Ex28\Ex31.csproj", "{67963243-6BEE-4EA1-9102-1A1F3F956DD5}"
EndProject
Global
	GlobalSection(SolutionConfigurationPlatforms) = preSolution
		Debug|Any CPU = Debug|Any CPU
		Release|Any CPU = Release|Any CPU
	EndGlobalSection
	GlobalSection(ProjectConfigurationPlatforms) = postSolution
		{67963243-6BEE-4EA1-9102-1A1F3F956DD5}.Debug|Any CPU.ActiveCfg = Debug|Any CPU
		{67963243-6BEE-4EA1-9102-1A1F3F956DD5}.Debug|Any CPU.Build.0 = Debug|Any CPU
		{67963243-6BEE-4EA1-9102-1A1F3F956DD5}.Release|Any CPU.ActiveCfg = Release|Any CPU
		{67963243-6BEE-4EA1-9102-1A1F3F956DD5}.Release|Any CPU.Build.0 = Release|Any CPU
	EndGlobalSection
	GlobalSection(SolutionProperties) = preSolution
		HideSolutionNode = FALSE
	EndGlobalSection
	GlobalSection(ExtensibilityGlobals) = postSolution
		SolutionGuid = {123199FB-B014-4A6D-8F53-35B29329044C}
	EndGlobalSection
EndGlobal
