
Microsoft Visual Studio Solution File, Format Version 12.00
# Visual Studio Version 16
VisualStudioVersion = 16.0.29911.84
MinimumVisualStudioVersion = 10.0.40219.1
Project("{FAE04EC0-301F-11D3-BF4B-00C04F79EFBC}") = "Ex56", "Ex56.csproj", "{DB35C698-17E7-41E4-9F8F-3DD90D7DBB6E}"
EndProject
Global
	GlobalSection(SolutionConfigurationPlatforms) = preSolution
		Debug|Any CPU = Debug|Any CPU
		Release|Any CPU = Release|Any CPU
	EndGlobalSection
	GlobalSection(ProjectConfigurationPlatforms) = postSolution
		{DB35C698-17E7-41E4-9F8F-3DD90D7DBB6E}.Debug|Any CPU.ActiveCfg = Debug|Any CPU
		{DB35C698-17E7-41E4-9F8F-3DD90D7DBB6E}.Debug|Any CPU.Build.0 = Debug|Any CPU
		{DB35C698-17E7-41E4-9F8F-3DD90D7DBB6E}.Release|Any CPU.ActiveCfg = Release|Any CPU
		{DB35C698-17E7-41E4-9F8F-3DD90D7DBB6E}.Release|Any CPU.Build.0 = Release|Any CPU
	EndGlobalSection
	GlobalSection(SolutionProperties) = preSolution
		HideSolutionNode = FALSE
	EndGlobalSection
	GlobalSection(ExtensibilityGlobals) = postSolution
		SolutionGuid = {22A87049-1CF8-452B-828F-A04BC03AFEAE}
	EndGlobalSection
EndGlobal
