
Microsoft Visual Studio Solution File, Format Version 12.00
# Visual Studio Version 16
VisualStudioVersion = 16.0.29911.84
MinimumVisualStudioVersion = 10.0.40219.1
Project("{FAE04EC0-301F-11D3-BF4B-00C04F79EFBC}") = "Ex65", "Ex65.csproj", "{9571709C-A4B2-467F-BE8F-9E2B9BFEBD1F}"
EndProject
Global
	GlobalSection(SolutionConfigurationPlatforms) = preSolution
		Debug|Any CPU = Debug|Any CPU
		Release|Any CPU = Release|Any CPU
	EndGlobalSection
	GlobalSection(ProjectConfigurationPlatforms) = postSolution
		{9571709C-A4B2-467F-BE8F-9E2B9BFEBD1F}.Debug|Any CPU.ActiveCfg = Debug|Any CPU
		{9571709C-A4B2-467F-BE8F-9E2B9BFEBD1F}.Debug|Any CPU.Build.0 = Debug|Any CPU
		{9571709C-A4B2-467F-BE8F-9E2B9BFEBD1F}.Release|Any CPU.ActiveCfg = Release|Any CPU
		{9571709C-A4B2-467F-BE8F-9E2B9BFEBD1F}.Release|Any CPU.Build.0 = Release|Any CPU
	EndGlobalSection
	GlobalSection(SolutionProperties) = preSolution
		HideSolutionNode = FALSE
	EndGlobalSection
	GlobalSection(ExtensibilityGlobals) = postSolution
		SolutionGuid = {FA6D5974-EF24-4CE6-8C5A-98273E1B2817}
	EndGlobalSection
EndGlobal
